// !$*UTF8*$!
{
	archiveVersion = 1;
	classes = {
	};
	objectVersion = 46;
	objects = {

/* Begin PBXBuildFile section */
		EEA8EEC21D49CF5E0080DA93 /* AppDelegate.swift in Sources */ = {isa = PBXBuildFile; fileRef = EEA8EEC11D49CF5E0080DA93 /* AppDelegate.swift */; };
		EEA8EEC41D49CF5E0080DA93 /* ViewController.swift in Sources */ = {isa = PBXBuildFile; fileRef = EEA8EEC31D49CF5E0080DA93 /* ViewController.swift */; };
		EEA8EEC71D49CF5E0080DA93 /* Main.storyboard in Resources */ = {isa = PBXBuildFile; fileRef = EEA8EEC51D49CF5E0080DA93 /* Main.storyboard */; };
		EEA8EEC91D49CF5E0080DA93 /* Assets.xcassets in Resources */ = {isa = PBXBuildFile; fileRef = EEA8EEC81D49CF5E0080DA93 /* Assets.xcassets */; };
		EEA8EECC1D49CF5E0080DA93 /* LaunchScreen.storyboard in Resources */ = {isa = PBXBuildFile; fileRef = EEA8EECA1D49CF5E0080DA93 /* LaunchScreen.storyboard */; };
		EEA8EED41D49D2E50080DA93 /* ViewMasa.swift in Sources */ = {isa = PBXBuildFile; fileRef = EEA8EED31D49D2E50080DA93 /* ViewMasa.swift */; };
		EEA8EED61D49D8DF0080DA93 /* ViewQueso.swift in Sources */ = {isa = PBXBuildFile; fileRef = EEA8EED51D49D8DF0080DA93 /* ViewQueso.swift */; };
		EEA8EED81D49DD250080DA93 /* ViewIngrediente.swift in Sources */ = {isa = PBXBuildFile; fileRef = EEA8EED71D49DD250080DA93 /* ViewIngrediente.swift */; };
/* End PBXBuildFile section */

/* Begin PBXFileReference section */
		EEA8EEBE1D49CF5D0080DA93 /* Appizzas.app */ = {isa = PBXFileReference; explicitFileType = wrapper.application; includeInIndex = 0; path = Appizzas.app; sourceTree = BUILT_PRODUCTS_DIR; };
		EEA8EEC11D49CF5E0080DA93 /* AppDelegate.swift */ = {isa = PBXFileReference; lastKnownFileType = sourcecode.swift; path = AppDelegate.swift; sourceTree = "<group>"; };
		EEA8EEC31D49CF5E0080DA93 /* ViewController.swift */ = {isa = PBXFileReference; lastKnownFileType = sourcecode.swift; path = ViewController.swift; sourceTree = "<group>"; };
		EEA8EEC61D49CF5E0080DA93 /* Base */ = {isa = PBXFileReference; lastKnownFileType = file.storyboard; name = Base; path = Base.lproj/Main.storyboard; sourceTree = "<group>"; };
		EEA8EEC81D49CF5E0080DA93 /* Assets.xcassets */ = {isa = PBXFileReference; lastKnownFileType = folder.assetcatalog; path = Assets.xcassets; sourceTree = "<group>"; };
		EEA8EECB1D49CF5E0080DA93 /* Base */ = {isa = PBXFileReference; lastKnownFileType = file.storyboard; name = Base; path = Base.lproj/LaunchScreen.storyboard; sourceTree = "<group>"; };
		EEA8EECD1D49CF5E0080DA93 /* Info.plist */ = {isa = PBXFileReference; lastKnownFileType = text.plist.xml; path = Info.plist; sourceTree = "<group>"; };
		EEA8EED31D49D2E50080DA93 /* ViewMasa.swift */ = {isa = PBXFileReference; fileEncoding = 4; lastKnownFileType = sourcecode.swift; path = ViewMasa.swift; sourceTree = "<group>"; };
		EEA8EED51D49D8DF0080DA93 /* ViewQueso.swift */ = {isa = PBXFileReference; fileEncoding = 4; lastKnownFileType = sourcecode.swift; path = ViewQueso.swift; sourceTree = "<group>"; };
		EEA8EED71D49DD250080DA93 /* ViewIngrediente.swift */ = {isa = PBXFileReference; fileEncoding = 4; lastKnownFileType = sourcecode.swift; path = ViewIngrediente.swift; sourceTree = "<group>"; };
/* End PBXFileReference section */

/* Begin PBXFrameworksBuildPhase section */
		EEA8EEBB1D49CF5D0080DA93 /* Frameworks */ = {
			isa = PBXFrameworksBuildPhase;
			buildActionMask = 2147483647;
			files = (
			);
			runOnlyForDeploymentPostprocessing = 0;
		};
/* End PBXFrameworksBuildPhase section */

/* Begin PBXGroup section */
		EEA8EEB51D49CF5D0080DA93 = {
			isa = PBXGroup;
			children = (
				EEA8EEC01D49CF5E0080DA93 /* Appizzas */,
				EEA8EEBF1D49CF5D0080DA93 /* Products */,
			);
			sourceTree = "<group>";
		};
		EEA8EEBF1D49CF5D0080DA93 /* Products */ = {
			isa = PBXGroup;
			children = (
				EEA8EEBE1D49CF5D0080DA93 /* Appizzas.app */,
			);
			name = Products;
			sourceTree = "<group>";
		};
		EEA8EEC01D49CF5E0080DA93 /* Appizzas */ = {
			isa = PBXGroup;
			children = (
				EEA8EEC11D49CF5E0080DA93 /* AppDelegate.swift */,
				EEA8EEC31D49CF5E0080DA93 /* ViewController.swift */,
				EEA8EEC51D49CF5E0080DA93 /* Main.storyboard */,
				EEA8EEC81D49CF5E0080DA93 /* Assets.xcassets */,
				EEA8EECA1D49CF5E0080DA93 /* LaunchScreen.storyboard */,
				EEA8EECD1D49CF5E0080DA93 /* Info.plist */,
				EEA8EED31D49D2E50080DA93 /* ViewMasa.swift */,
				EEA8EED51D49D8DF0080DA93 /* ViewQueso.swift */,
				EEA8EED71D49DD250080DA93 /* ViewIngrediente.swift */,
			);
			path = Appizzas;
			sourceTree = "<group>";
		};
/* End PBXGroup section */

/* Begin PBXNativeTarget section */
		EEA8EEBD1D49CF5D0080DA93 /* Appizzas */ = {
			isa = PBXNativeTarget;
			buildConfigurationList = EEA8EED01D49CF5E0080DA93 /* Build configuration list for PBXNativeTarget "Appizzas" */;
			buildPhases = (
				EEA8EEBA1D49CF5D0080DA93 /* Sources */,
				EEA8EEBB1D49CF5D0080DA93 /* Frameworks */,
				EEA8EEBC1D49CF5D0080DA93 /* Resources */,
			);
			buildRules = (
			);
			dependencies = (
			);
			name = Appizzas;
			productName = Appizzas;
			productReference = EEA8EEBE1D49CF5D0080DA93 /* Appizzas.app */;
			productType = "com.apple.product-type.application";
		};
/* End PBXNativeTarget section */

/* Begin PBXProject section */
		EEA8EEB61D49CF5D0080DA93 /* Project object */ = {
			isa = PBXProject;
			attributes = {
				LastSwiftUpdateCheck = 0730;
				LastUpgradeCheck = 0730;
				ORGANIZATIONNAME = "Luis Rodriguez";
				TargetAttributes = {
					EEA8EEBD1D49CF5D0080DA93 = {
						CreatedOnToolsVersion = 7.3.1;
						DevelopmentTeam = GBEM7P83UA;
					};
				};
			};
			buildConfigurationList = EEA8EEB91D49CF5D0080DA93 /* Build configuration list for PBXProject "Appizzas" */;
			compatibilityVersion = "Xcode 3.2";
			developmentRegion = English;
			hasScannedForEncodings = 0;
			knownRegions = (
				en,
				Base,
			);
			mainGroup = EEA8EEB51D49CF5D0080DA93;
			productRefGroup = EEA8EEBF1D49CF5D0080DA93 /* Products */;
			projectDirPath = "";
			projectRoot = "";
			targets = (
				EEA8EEBD1D49CF5D0080DA93 /* Appizzas */,
			);
		};
/* End PBXProject section */

/* Begin PBXResourcesBuildPhase section */
		EEA8EEBC1D49CF5D0080DA93 /* Resources */ = {
			isa = PBXResourcesBuildPhase;
			buildActionMask = 2147483647;
			files = (
				EEA8EECC1D49CF5E0080DA93 /* LaunchScreen.storyboard in Resources */,
				EEA8EEC91D49CF5E0080DA93 /* Assets.xcassets in Resources */,
				EEA8EEC71D49CF5E0080DA93 /* Main.storyboard in Resources */,
			);
			runOnlyForDeploymentPostprocessing = 0;
		};
/* End PBXResourcesBuildPhase section */

/* Begin PBXSourcesBuildPhase section */
		EEA8EEBA1D49CF5D0080DA93 /* Sources */ = {
			isa = PBXSourcesBuildPhase;
			buildActionMask = 2147483647;
			files = (
				EEA8EED81D49DD250080DA93 /* ViewIngrediente.swift in Sources */,
				EEA8EEC41D49CF5E0080DA93 /* ViewController.swift in Sources */,
				EEA8EEC21D49CF5E0080DA93 /* AppDelegate.swift in Sources */,
				EEA8EED61D49D8DF0080DA93 /* ViewQueso.swift in Sources */,
				EEA8EED41D49D2E50080DA93 /* ViewMasa.swift in Sources */,
			);
			runOnlyForDeploymentPostprocessing = 0;
		};
/* End PBXSourcesBuildPhase section */

/* Begin PBXVariantGroup section */
		EEA8EEC51D49CF5E0080DA93 /* Main.storyboard */ = {
			isa = PBXVariantGroup;
			children = (
				EEA8EEC61D49CF5E0080DA93 /* Base */,
			);
			name = Main.storyboard;
			sourceTree = "<group>";
		};
		EEA8EECA1D49CF5E0080DA93 /* LaunchScreen.storyboard */ = {
			isa = PBXVariantGroup;
			children = (
				EEA8EECB1D49CF5E0080DA93 /* Base */,
			);
			name = LaunchScreen.storyboard;
			sourceTree = "<group>";
		};
/* End PBXVariantGroup section */

/* Begin XCBuildConfiguration section */
		EEA8EECE1D49CF5E0080DA93 /* Debug */ = {
			isa = XCBuildConfiguration;
			buildSettings = {
				ALWAYS_SEARCH_USER_PATHS = NO;
				CLANG_ANALYZER_NONNULL = YES;
				CLANG_CXX_LANGUAGE_STANDARD = "gnu++0x";
				CLANG_CXX_LIBRARY = "libc++";
				CLANG_ENABLE_MODULES = YES;
				CLANG_ENABLE_OBJC_ARC = YES;
				CLANG_WARN_BOOL_CONVERSION = YES;
				CLANG_WARN_CONSTANT_CONVERSION = YES;
				CLANG_WARN_DIRECT_OBJC_ISA_USAGE = YES_ERROR;
				CLANG_WARN_EMPTY_BODY = YES;
				CLANG_WARN_ENUM_CONVERSION = YES;
				CLANG_WARN_INT_CONVERSION = YES;
				CLANG_WARN_OBJC_ROOT_CLASS = YES_ERROR;
				CLANG_WARN_UNREACHABLE_CODE = YES;
				CLANG_WARN__DUPLICATE_METHOD_MATCH = YES;
				"CODE_SIGN_IDENTITY[sdk=iphoneos*]" = "iPhone Developer";
				COPY_PHASE_STRIP = NO;
				DEBUG_INFORMATION_FORMAT = dwarf;
				ENABLE_STRICT_OBJC_MSGSEND = YES;
				ENABLE_TESTABILITY = YES;
				GCC_C_LANGUAGE_STANDARD = gnu99;
				GCC_DYNAMIC_NO_PIC = NO;
				GCC_NO_COMMON_BLOCKS = YES;
				GCC_OPTIMIZATION_LEVEL = 0;
				GCC_PREPROCESSOR_DEFINITIONS = (
					"DEBUG=1",
					"$(inherited)",
				);
				GCC_WARN_64_TO_32_BIT_CONVERSION = YES;
				GCC_WARN_ABOUT_RETURN_TYPE = YES_ERROR;
				GCC_WARN_UNDECLARED_SELECTOR = YES;
				GCC_WARN_UNINITIALIZED_AUTOS = YES_AGGRESSIVE;
				GCC_WARN_UNUSED_FUNCTION = YES;
				GCC_WARN_UNUSED_VARIABLE = YES;
				IPHONEOS_DEPLOYMENT_TARGET = 9.3;
				MTL_ENABLE_DEBUG_INFO = YES;
				ONLY_ACTIVE_ARCH = YES;
				SDKROOT = iphoneos;
				SWIFT_OPTIMIZATION_LEVEL = "-Onone";
				TARGETED_DEVICE_FAMILY = "1,2";
			};
			name = Debug;
		};
		EEA8EECF1D49CF5E0080DA93 /* Release */ = {
			isa = XCBuildConfiguration;
			buildSettings = {
				ALWAYS_SEARCH_USER_PATHS = NO;
				CLANG_ANALYZER_NONNULL = YES;
				CLANG_CXX_LANGUAGE_STANDARD = "gnu++0x";
				CLANG_CXX_LIBRARY = "libc++";
				CLANG_ENABLE_MODULES = YES;
				CLANG_ENABLE_OBJC_ARC = YES;
				CLANG_WARN_BOOL_CONVERSION = YES;
				CLANG_WARN_CONSTANT_CONVERSION = YES;
				CLANG_WARN_DIRECT_OBJC_ISA_USAGE = YES_ERROR;
				CLANG_WARN_EMPTY_BODY = YES;
				CLANG_WARN_ENUM_CONVERSION = YES;
				CLANG_WARN_INT_CONVERSION = YES;
				CLANG_WARN_OBJC_ROOT_CLASS = YES_ERROR;
				CLANG_WARN_UNREACHABLE_CODE = YES;
				CLANG_WARN__DUPLICATE_METHOD_MATCH = YES;
				"CODE_SIGN_IDENTITY[sdk=iphoneos*]" = "iPhone Developer";
				COPY_PHASE_STRIP = NO;
				DEBUG_INFORMATION_FORMAT = "dwarf-with-dsym";
				ENABLE_NS_ASSERTIONS = NO;
				ENABLE_STRICT_OBJC_MSGSEND = YES;
				GCC_C_LANGUAGE_STANDARD = gnu99;
				GCC_NO_COMMON_BLOCKS = YES;
				GCC_WARN_64_TO_32_BIT_CONVERSION = YES;
				GCC_WARN_ABOUT_RETURN_TYPE = YES_ERROR;
				GCC_WARN_UNDECLARED_SELECTOR = YES;
				GCC_WARN_UNINITIALIZED_AUTOS = YES_AGGRESSIVE;
				GCC_WARN_UNUSED_FUNCTION = YES;
				GCC_WARN_UNUSED_VARIABLE = YES;
				IPHONEOS_DEPLOYMENT_TARGET = 9.3;
				MTL_ENABLE_DEBUG_INFO = NO;
				SDKROOT = iphoneos;
				TARGETED_DEVICE_FAMILY = "1,2";
				VALIDATE_PRODUCT = YES;
			};
			name = Release;
		};
		EEA8EED11D49CF5E0080DA93 /* Debug */ = {
			isa = XCBuildConfiguration;
			buildSettings = {
				ASSETCATALOG_COMPILER_APPICON_NAME = AppIcon;
				INFOPLIST_FILE = Appizzas/Info.plist;
				LD_RUNPATH_SEARCH_PATHS = "$(inherited) @executable_path/Frameworks";
				PRODUCT_BUNDLE_IDENTIFIER = mx.univeronline.Appizzas;
				PRODUCT_NAME = "$(TARGET_NAME)";
			};
			name = Debug;
		};
		EEA8EED21D49CF5E0080DA93 /* Release */ = {
			isa = XCBuildConfiguration;
			buildSettings = {
				ASSETCATALOG_COMPILER_APPICON_NAME = AppIcon;
				INFOPLIST_FILE = Appizzas/Info.plist;
				LD_RUNPATH_SEARCH_PATHS = "$(inherited) @executable_path/Frameworks";
				PRODUCT_BUNDLE_IDENTIFIER = mx.univeronline.Appizzas;
				PRODUCT_NAME = "$(TARGET_NAME)";
			};
			name = Release;
		};
/* End XCBuildConfiguration section */

/* Begin XCConfigurationList section */
		EEA8EEB91D49CF5D0080DA93 /* Build configuration list for PBXProject "Appizzas" */ = {
			isa = XCConfigurationList;
			buildConfigurations = (
				EEA8EECE1D49CF5E0080DA93 /* Debug */,
				EEA8EECF1D49CF5E0080DA93 /* Release */,
			);
			defaultConfigurationIsVisible = 0;
			defaultConfigurationName = Release;
		};
		EEA8EED01D49CF5E0080DA93 /* Build configuration list for PBXNativeTarget "Appizzas" */ = {
			isa = XCConfigurationList;
			buildConfigurations = (
				EEA8EED11D49CF5E0080DA93 /* Debug */,
				EEA8EED21D49CF5E0080DA93 /* Release */,
			);
			defaultConfigurationIsVisible = 0;
		};
/* End XCConfigurationList section */
	};
	rootObject = EEA8EEB61D49CF5D0080DA93 /* Project object */;
}
